
Microsoft Visual Studio Solution File, Format Version 12.00
# Visual Studio Version 17
VisualStudioVersion = 17.10.35013.160
MinimumVisualStudioVersion = 10.0.40219.1
Project("{FAE04EC0-301F-11D3-BF4B-00C04F79EFBC}") = "QLNHANVIENNET", "QLNHANVIENNET\QLNHANVIENNET.csproj", "{B2BDB4E5-DB45-430D-8F18-5A559DE63988}"
EndProject
Global
	GlobalSection(SolutionConfigurationPlatforms) = preSolution
		Debug|Any CPU = Debug|Any CPU
		Release|Any CPU = Release|Any CPU
	EndGlobalSection
	GlobalSection(ProjectConfigurationPlatforms) = postSolution
		{B2BDB4E5-DB45-430D-8F18-5A559DE63988}.Debug|Any CPU.ActiveCfg = Debug|Any CPU
		{B2BDB4E5-DB45-430D-8F18-5A559DE63988}.Debug|Any CPU.Build.0 = Debug|Any CPU
		{B2BDB4E5-DB45-430D-8F18-5A559DE63988}.Release|Any CPU.ActiveCfg = Release|Any CPU
		{B2BDB4E5-DB45-430D-8F18-5A559DE63988}.Release|Any CPU.Build.0 = Release|Any CPU
	EndGlobalSection
	GlobalSection(SolutionProperties) = preSolution
		HideSolutionNode = FALSE
	EndGlobalSection
	GlobalSection(ExtensibilityGlobals) = postSolution
		SolutionGuid = {C1F231D1-C0C7-4126-96D2-6D0CD1AE5B58}
	EndGlobalSection
EndGlobal
